// !$*UTF8*$!
{
	archiveVersion = 1;
	classes = {
	};
	objectVersion = 55;
	objects = {

/* Begin PBXBuildFile section */
		CD882984286A0A3C00646DE5 /* AppDelegate.m in Sources */ = {isa = PBXBuildFile; fileRef = CD882983286A0A3C00646DE5 /* AppDelegate.m */; };
		CD882987286A0A3C00646DE5 /* SceneDelegate.m in Sources */ = {isa = PBXBuildFile; fileRef = CD882986286A0A3C00646DE5 /* SceneDelegate.m */; };
		CD88298A286A0A3C00646DE5 /* ViewController.m in Sources */ = {isa = PBXBuildFile; fileRef = CD882989286A0A3C00646DE5 /* ViewController.m */; };
		CD88298D286A0A3C00646DE5 /* Main.storyboard in Resources */ = {isa = PBXBuildFile; fileRef = CD88298B286A0A3C00646DE5 /* Main.storyboard */; };
		CD88298F286A0A3F00646DE5 /* Assets.xcassets in Resources */ = {isa = PBXBuildFile; fileRef = CD88298E286A0A3F00646DE5 /* Assets.xcassets */; };
		CD882992286A0A3F00646DE5 /* LaunchScreen.storyboard in Resources */ = {isa = PBXBuildFile; fileRef = CD882990286A0A3F00646DE5 /* LaunchScreen.storyboard */; };
		CD882995286A0A3F00646DE5 /* main.m in Sources */ = {isa = PBXBuildFile; fileRef = CD882994286A0A3F00646DE5 /* main.m */; };
		CD88299F286A0A3F00646DE5 /* ParseChatTests.m in Sources */ = {isa = PBXBuildFile; fileRef = CD88299E286A0A3F00646DE5 /* ParseChatTests.m */; };
		CD8829A9286A0A3F00646DE5 /* ParseChatUITests.m in Sources */ = {isa = PBXBuildFile; fileRef = CD8829A8286A0A3F00646DE5 /* ParseChatUITests.m */; };
		CD8829AB286A0A3F00646DE5 /* ParseChatUITestsLaunchTests.m in Sources */ = {isa = PBXBuildFile; fileRef = CD8829AA286A0A3F00646DE5 /* ParseChatUITestsLaunchTests.m */; };
/* End PBXBuildFile section */

/* Begin PBXContainerItemProxy section */
		CD88299B286A0A3F00646DE5 /* PBXContainerItemProxy */ = {
			isa = PBXContainerItemProxy;
			containerPortal = CD882977286A0A3C00646DE5 /* Project object */;
			proxyType = 1;
			remoteGlobalIDString = CD88297E286A0A3C00646DE5;
			remoteInfo = ParseChat;
		};
		CD8829A5286A0A3F00646DE5 /* PBXContainerItemProxy */ = {
			isa = PBXContainerItemProxy;
			containerPortal = CD882977286A0A3C00646DE5 /* Project object */;
			proxyType = 1;
			remoteGlobalIDString = CD88297E286A0A3C00646DE5;
			remoteInfo = ParseChat;
		};
/* End PBXContainerItemProxy section */

/* Begin PBXFileReference section */
		CD88297F286A0A3C00646DE5 /* ParseChat.app */ = {isa = PBXFileReference; explicitFileType = wrapper.application; includeInIndex = 0; path = ParseChat.app; sourceTree = BUILT_PRODUCTS_DIR; };
		CD882982286A0A3C00646DE5 /* AppDelegate.h */ = {isa = PBXFileReference; lastKnownFileType = sourcecode.c.h; path = AppDelegate.h; sourceTree = "<group>"; };
		CD882983286A0A3C00646DE5 /* AppDelegate.m */ = {isa = PBXFileReference; lastKnownFileType = sourcecode.c.objc; path = AppDelegate.m; sourceTree = "<group>"; };
		CD882985286A0A3C00646DE5 /* SceneDelegate.h */ = {isa = PBXFileReference; lastKnownFileType = sourcecode.c.h; path = SceneDelegate.h; sourceTree = "<group>"; };
		CD882986286A0A3C00646DE5 /* SceneDelegate.m */ = {isa = PBXFileReference; lastKnownFileType = sourcecode.c.objc; path = SceneDelegate.m; sourceTree = "<group>"; };
		CD882988286A0A3C00646DE5 /* ViewController.h */ = {isa = PBXFileReference; lastKnownFileType = sourcecode.c.h; path = ViewController.h; sourceTree = "<group>"; };
		CD882989286A0A3C00646DE5 /* ViewController.m */ = {isa = PBXFileReference; lastKnownFileType = sourcecode.c.objc; path = ViewController.m; sourceTree = "<group>"; };
		CD88298C286A0A3C00646DE5 /* Base */ = {isa = PBXFileReference; lastKnownFileType = file.storyboard; name = Base; path = Base.lproj/Main.storyboard; sourceTree = "<group>"; };
		CD88298E286A0A3F00646DE5 /* Assets.xcassets */ = {isa = PBXFileReference; lastKnownFileType = folder.assetcatalog; path = Assets.xcassets; sourceTree = "<group>"; };
		CD882991286A0A3F00646DE5 /* Base */ = {isa = PBXFileReference; lastKnownFileType = file.storyboard; name = Base; path = Base.lproj/LaunchScreen.storyboard; sourceTree = "<group>"; };
		CD882993286A0A3F00646DE5 /* Info.plist */ = {isa = PBXFileReference; lastKnownFileType = text.plist.xml; path = Info.plist; sourceTree = "<group>"; };
		CD882994286A0A3F00646DE5 /* main.m */ = {isa = PBXFileReference; lastKnownFileType = sourcecode.c.objc; path = main.m; sourceTree = "<group>"; };
		CD88299A286A0A3F00646DE5 /* ParseChatTests.xctest */ = {isa = PBXFileReference; explicitFileType = wrapper.cfbundle; includeInIndex = 0; path = ParseChatTests.xctest; sourceTree = BUILT_PRODUCTS_DIR; };
		CD88299E286A0A3F00646DE5 /* ParseChatTests.m */ = {isa = PBXFileReference; lastKnownFileType = sourcecode.c.objc; path = ParseChatTests.m; sourceTree = "<group>"; };
		CD8829A4286A0A3F00646DE5 /* ParseChatUITests.xctest */ = {isa = PBXFileReference; explicitFileType = wrapper.cfbundle; includeInIndex = 0; path = ParseChatUITests.xctest; sourceTree = BUILT_PRODUCTS_DIR; };
		CD8829A8286A0A3F00646DE5 /* ParseChatUITests.m */ = {isa = PBXFileReference; lastKnownFileType = sourcecode.c.objc; path = ParseChatUITests.m; sourceTree = "<group>"; };
		CD8829AA286A0A3F00646DE5 /* ParseChatUITestsLaunchTests.m */ = {isa = PBXFileReference; lastKnownFileType = sourcecode.c.objc; path = ParseChatUITestsLaunchTests.m; sourceTree = "<group>"; };
/* End PBXFileReference section */

/* Begin PBXFrameworksBuildPhase section */
		CD88297C286A0A3C00646DE5 /* Frameworks */ = {
			isa = PBXFrameworksBuildPhase;
			buildActionMask = 2147483647;
			files = (
			);
			runOnlyForDeploymentPostprocessing = 0;
		};
		CD882997286A0A3F00646DE5 /* Frameworks */ = {
			isa = PBXFrameworksBuildPhase;
			buildActionMask = 2147483647;
			files = (
			);
			runOnlyForDeploymentPostprocessing = 0;
		};
		CD8829A1286A0A3F00646DE5 /* Frameworks */ = {
			isa = PBXFrameworksBuildPhase;
			buildActionMask = 2147483647;
			files = (
			);
			runOnlyForDeploymentPostprocessing = 0;
		};
/* End PBXFrameworksBuildPhase section */

/* Begin PBXGroup section */
		CD882976286A0A3C00646DE5 = {
			isa = PBXGroup;
			children = (
				CD882981286A0A3C00646DE5 /* ParseChat */,
				CD88299D286A0A3F00646DE5 /* ParseChatTests */,
				CD8829A7286A0A3F00646DE5 /* ParseChatUITests */,
				CD882980286A0A3C00646DE5 /* Products */,
			);
			sourceTree = "<group>";
		};
		CD882980286A0A3C00646DE5 /* Products */ = {
			isa = PBXGroup;
			children = (
				CD88297F286A0A3C00646DE5 /* ParseChat.app */,
				CD88299A286A0A3F00646DE5 /* ParseChatTests.xctest */,
				CD8829A4286A0A3F00646DE5 /* ParseChatUITests.xctest */,
			);
			name = Products;
			sourceTree = "<group>";
		};
		CD882981286A0A3C00646DE5 /* ParseChat */ = {
			isa = PBXGroup;
			children = (
				CD882982286A0A3C00646DE5 /* AppDelegate.h */,
				CD882983286A0A3C00646DE5 /* AppDelegate.m */,
				CD882985286A0A3C00646DE5 /* SceneDelegate.h */,
				CD882986286A0A3C00646DE5 /* SceneDelegate.m */,
				CD882988286A0A3C00646DE5 /* ViewController.h */,
				CD882989286A0A3C00646DE5 /* ViewController.m */,
				CD88298B286A0A3C00646DE5 /* Main.storyboard */,
				CD88298E286A0A3F00646DE5 /* Assets.xcassets */,
				CD882990286A0A3F00646DE5 /* LaunchScreen.storyboard */,
				CD882993286A0A3F00646DE5 /* Info.plist */,
				CD882994286A0A3F00646DE5 /* main.m */,
			);
			path = ParseChat;
			sourceTree = "<group>";
		};
		CD88299D286A0A3F00646DE5 /* ParseChatTests */ = {
			isa = PBXGroup;
			children = (
				CD88299E286A0A3F00646DE5 /* ParseChatTests.m */,
			);
			path = ParseChatTests;
			sourceTree = "<group>";
		};
		CD8829A7286A0A3F00646DE5 /* ParseChatUITests */ = {
			isa = PBXGroup;
			children = (
				CD8829A8286A0A3F00646DE5 /* ParseChatUITests.m */,
				CD8829AA286A0A3F00646DE5 /* ParseChatUITestsLaunchTests.m */,
			);
			path = ParseChatUITests;
			sourceTree = "<group>";
		};
/* End PBXGroup section */

/* Begin PBXNativeTarget section */
		CD88297E286A0A3C00646DE5 /* ParseChat */ = {
			isa = PBXNativeTarget;
			buildConfigurationList = CD8829AE286A0A3F00646DE5 /* Build configuration list for PBXNativeTarget "ParseChat" */;
			buildPhases = (
				CD88297B286A0A3C00646DE5 /* Sources */,
				CD88297C286A0A3C00646DE5 /* Frameworks */,
				CD88297D286A0A3C00646DE5 /* Resources */,
			);
			buildRules = (
			);
			dependencies = (
			);
			name = ParseChat;
			productName = ParseChat;
			productReference = CD88297F286A0A3C00646DE5 /* ParseChat.app */;
			productType = "com.apple.product-type.application";
		};
		CD882999286A0A3F00646DE5 /* ParseChatTests */ = {
			isa = PBXNativeTarget;
			buildConfigurationList = CD8829B1286A0A3F00646DE5 /* Build configuration list for PBXNativeTarget "ParseChatTests" */;
			buildPhases = (
				CD882996286A0A3F00646DE5 /* Sources */,
				CD882997286A0A3F00646DE5 /* Frameworks */,
				CD882998286A0A3F00646DE5 /* Resources */,
			);
			buildRules = (
			);
			dependencies = (
				CD88299C286A0A3F00646DE5 /* PBXTargetDependency */,
			);
			name = ParseChatTests;
			productName = ParseChatTests;
			productReference = CD88299A286A0A3F00646DE5 /* ParseChatTests.xctest */;
			productType = "com.apple.product-type.bundle.unit-test";
		};
		CD8829A3286A0A3F00646DE5 /* ParseChatUITests */ = {
			isa = PBXNativeTarget;
			buildConfigurationList = CD8829B4286A0A3F00646DE5 /* Build configuration list for PBXNativeTarget "ParseChatUITests" */;
			buildPhases = (
				CD8829A0286A0A3F00646DE5 /* Sources */,
				CD8829A1286A0A3F00646DE5 /* Frameworks */,
				CD8829A2286A0A3F00646DE5 /* Resources */,
			);
			buildRules = (
			);
			dependencies = (
				CD8829A6286A0A3F00646DE5 /* PBXTargetDependency */,
			);
			name = ParseChatUITests;
			productName = ParseChatUITests;
			productReference = CD8829A4286A0A3F00646DE5 /* ParseChatUITests.xctest */;
			productType = "com.apple.product-type.bundle.ui-testing";
		};
/* End PBXNativeTarget section */

/* Begin PBXProject section */
		CD882977286A0A3C00646DE5 /* Project object */ = {
			isa = PBXProject;
			attributes = {
				BuildIndependentTargetsInParallel = 1;
				LastUpgradeCheck = 1340;
				TargetAttributes = {
					CD88297E286A0A3C00646DE5 = {
						CreatedOnToolsVersion = 13.4.1;
					};
					CD882999286A0A3F00646DE5 = {
						CreatedOnToolsVersion = 13.4.1;
						TestTargetID = CD88297E286A0A3C00646DE5;
					};
					CD8829A3286A0A3F00646DE5 = {
						CreatedOnToolsVersion = 13.4.1;
						TestTargetID = CD88297E286A0A3C00646DE5;
					};
				};
			};
			buildConfigurationList = CD88297A286A0A3C00646DE5 /* Build configuration list for PBXProject "ParseChat" */;
			compatibilityVersion = "Xcode 13.0";
			developmentRegion = en;
			hasScannedForEncodings = 0;
			knownRegions = (
				en,
				Base,
			);
			mainGroup = CD882976286A0A3C00646DE5;
			productRefGroup = CD882980286A0A3C00646DE5 /* Products */;
			projectDirPath = "";
			projectRoot = "";
			targets = (
				CD88297E286A0A3C00646DE5 /* ParseChat */,
				CD882999286A0A3F00646DE5 /* ParseChatTests */,
				CD8829A3286A0A3F00646DE5 /* ParseChatUITests */,
			);
		};
/* End PBXProject section */

/* Begin PBXResourcesBuildPhase section */
		CD88297D286A0A3C00646DE5 /* Resources */ = {
			isa = PBXResourcesBuildPhase;
			buildActionMask = 2147483647;
			files = (
				CD882992286A0A3F00646DE5 /* LaunchScreen.storyboard in Resources */,
				CD88298F286A0A3F00646DE5 /* Assets.xcassets in Resources */,
				CD88298D286A0A3C00646DE5 /* Main.storyboard in Resources */,
			);
			runOnlyForDeploymentPostprocessing = 0;
		};
		CD882998286A0A3F00646DE5 /* Resources */ = {
			isa = PBXResourcesBuildPhase;
			buildActionMask = 2147483647;
			files = (
			);
			runOnlyForDeploymentPostprocessing = 0;
		};
		CD8829A2286A0A3F00646DE5 /* Resources */ = {
			isa = PBXResourcesBuildPhase;
			buildActionMask = 2147483647;
			files = (
			);
			runOnlyForDeploymentPostprocessing = 0;
		};
/* End PBXResourcesBuildPhase section */

/* Begin PBXSourcesBuildPhase section */
		CD88297B286A0A3C00646DE5 /* Sources */ = {
			isa = PBXSourcesBuildPhase;
			buildActionMask = 2147483647;
			files = (
				CD88298A286A0A3C00646DE5 /* ViewController.m in Sources */,
				CD882984286A0A3C00646DE5 /* AppDelegate.m in Sources */,
				CD882995286A0A3F00646DE5 /* main.m in Sources */,
				CD882987286A0A3C00646DE5 /* SceneDelegate.m in Sources */,
			);
			runOnlyForDeploymentPostprocessing = 0;
		};
		CD882996286A0A3F00646DE5 /* Sources */ = {
			isa = PBXSourcesBuildPhase;
			buildActionMask = 2147483647;
			files = (
				CD88299F286A0A3F00646DE5 /* ParseChatTests.m in Sources */,
			);
			runOnlyForDeploymentPostprocessing = 0;
		};
		CD8829A0286A0A3F00646DE5 /* Sources */ = {
			isa = PBXSourcesBuildPhase;
			buildActionMask = 2147483647;
			files = (
				CD8829AB286A0A3F00646DE5 /* ParseChatUITestsLaunchTests.m in Sources */,
				CD8829A9286A0A3F00646DE5 /* ParseChatUITests.m in Sources */,
			);
			runOnlyForDeploymentPostprocessing = 0;
		};
/* End PBXSourcesBuildPhase section */

/* Begin PBXTargetDependency section */
		CD88299C286A0A3F00646DE5 /* PBXTargetDependency */ = {
			isa = PBXTargetDependency;
			target = CD88297E286A0A3C00646DE5 /* ParseChat */;
			targetProxy = CD88299B286A0A3F00646DE5 /* PBXContainerItemProxy */;
		};
		CD8829A6286A0A3F00646DE5 /* PBXTargetDependency */ = {
			isa = PBXTargetDependency;
			target = CD88297E286A0A3C00646DE5 /* ParseChat */;
			targetProxy = CD8829A5286A0A3F00646DE5 /* PBXContainerItemProxy */;
		};
/* End PBXTargetDependency section */

/* Begin PBXVariantGroup section */
		CD88298B286A0A3C00646DE5 /* Main.storyboard */ = {
			isa = PBXVariantGroup;
			children = (
				CD88298C286A0A3C00646DE5 /* Base */,
			);
			name = Main.storyboard;
			sourceTree = "<group>";
		};
		CD882990286A0A3F00646DE5 /* LaunchScreen.storyboard */ = {
			isa = PBXVariantGroup;
			children = (
				CD882991286A0A3F00646DE5 /* Base */,
			);
			name = LaunchScreen.storyboard;
			sourceTree = "<group>";
		};
/* End PBXVariantGroup section */

/* Begin XCBuildConfiguration section */
		CD8829AC286A0A3F00646DE5 /* Debug */ = {
			isa = XCBuildConfiguration;
			buildSettings = {
				ALWAYS_SEARCH_USER_PATHS = NO;
				CLANG_ANALYZER_NONNULL = YES;
				CLANG_ANALYZER_NUMBER_OBJECT_CONVERSION = YES_AGGRESSIVE;
				CLANG_CXX_LANGUAGE_STANDARD = "gnu++17";
				CLANG_ENABLE_MODULES = YES;
				CLANG_ENABLE_OBJC_ARC = YES;
				CLANG_ENABLE_OBJC_WEAK = YES;
				CLANG_WARN_BLOCK_CAPTURE_AUTORELEASING = YES;
				CLANG_WARN_BOOL_CONVERSION = YES;
				CLANG_WARN_COMMA = YES;
				CLANG_WARN_CONSTANT_CONVERSION = YES;
				CLANG_WARN_DEPRECATED_OBJC_IMPLEMENTATIONS = YES;
				CLANG_WARN_DIRECT_OBJC_ISA_USAGE = YES_ERROR;
				CLANG_WARN_DOCUMENTATION_COMMENTS = YES;
				CLANG_WARN_EMPTY_BODY = YES;
				CLANG_WARN_ENUM_CONVERSION = YES;
				CLANG_WARN_INFINITE_RECURSION = YES;
				CLANG_WARN_INT_CONVERSION = YES;
				CLANG_WARN_NON_LITERAL_NULL_CONVERSION = YES;
				CLANG_WARN_OBJC_IMPLICIT_RETAIN_SELF = YES;
				CLANG_WARN_OBJC_LITERAL_CONVERSION = YES;
				CLANG_WARN_OBJC_ROOT_CLASS = YES_ERROR;
				CLANG_WARN_QUOTED_INCLUDE_IN_FRAMEWORK_HEADER = YES;
				CLANG_WARN_RANGE_LOOP_ANALYSIS = YES;
				CLANG_WARN_STRICT_PROTOTYPES = YES;
				CLANG_WARN_SUSPICIOUS_MOVE = YES;
				CLANG_WARN_UNGUARDED_AVAILABILITY = YES_AGGRESSIVE;
				CLANG_WARN_UNREACHABLE_CODE = YES;
				CLANG_WARN__DUPLICATE_METHOD_MATCH = YES;
				COPY_PHASE_STRIP = NO;
				DEBUG_INFORMATION_FORMAT = dwarf;
				ENABLE_STRICT_OBJC_MSGSEND = YES;
				ENABLE_TESTABILITY = YES;
				GCC_C_LANGUAGE_STANDARD = gnu11;
				GCC_DYNAMIC_NO_PIC = NO;
				GCC_NO_COMMON_BLOCKS = YES;
				GCC_OPTIMIZATION_LEVEL = 0;
				GCC_PREPROCESSOR_DEFINITIONS = (
					"DEBUG=1",
					"$(inherited)",
				);
				GCC_WARN_64_TO_32_BIT_CONVERSION = YES;
				GCC_WARN_ABOUT_RETURN_TYPE = YES_ERROR;
				GCC_WARN_UNDECLARED_SELECTOR = YES;
				GCC_WARN_UNINITIALIZED_AUTOS = YES_AGGRESSIVE;
				GCC_WARN_UNUSED_FUNCTION = YES;
				GCC_WARN_UNUSED_VARIABLE = YES;
				IPHONEOS_DEPLOYMENT_TARGET = 15.5;
				MTL_ENABLE_DEBUG_INFO = INCLUDE_SOURCE;
				MTL_FAST_MATH = YES;
				ONLY_ACTIVE_ARCH = YES;
				SDKROOT = iphoneos;
			};
			name = Debug;
		};
		CD8829AD286A0A3F00646DE5 /* Release */ = {
			isa = XCBuildConfiguration;
			buildSettings = {
				ALWAYS_SEARCH_USER_PATHS = NO;
				CLANG_ANALYZER_NONNULL = YES;
				CLANG_ANALYZER_NUMBER_OBJECT_CONVERSION = YES_AGGRESSIVE;
				CLANG_CXX_LANGUAGE_STANDARD = "gnu++17";
				CLANG_ENABLE_MODULES = YES;
				CLANG_ENABLE_OBJC_ARC = YES;
				CLANG_ENABLE_OBJC_WEAK = YES;
				CLANG_WARN_BLOCK_CAPTURE_AUTORELEASING = YES;
				CLANG_WARN_BOOL_CONVERSION = YES;
				CLANG_WARN_COMMA = YES;
				CLANG_WARN_CONSTANT_CONVERSION = YES;
				CLANG_WARN_DEPRECATED_OBJC_IMPLEMENTATIONS = YES;
				CLANG_WARN_DIRECT_OBJC_ISA_USAGE = YES_ERROR;
				CLANG_WARN_DOCUMENTATION_COMMENTS = YES;
				CLANG_WARN_EMPTY_BODY = YES;
				CLANG_WARN_ENUM_CONVERSION = YES;
				CLANG_WARN_INFINITE_RECURSION = YES;
				CLANG_WARN_INT_CONVERSION = YES;
				CLANG_WARN_NON_LITERAL_NULL_CONVERSION = YES;
				CLANG_WARN_OBJC_IMPLICIT_RETAIN_SELF = YES;
				CLANG_WARN_OBJC_LITERAL_CONVERSION = YES;
				CLANG_WARN_OBJC_ROOT_CLASS = YES_ERROR;
				CLANG_WARN_QUOTED_INCLUDE_IN_FRAMEWORK_HEADER = YES;
				CLANG_WARN_RANGE_LOOP_ANALYSIS = YES;
				CLANG_WARN_STRICT_PROTOTYPES = YES;
				CLANG_WARN_SUSPICIOUS_MOVE = YES;
				CLANG_WARN_UNGUARDED_AVAILABILITY = YES_AGGRESSIVE;
				CLANG_WARN_UNREACHABLE_CODE = YES;
				CLANG_WARN__DUPLICATE_METHOD_MATCH = YES;
				COPY_PHASE_STRIP = NO;
				DEBUG_INFORMATION_FORMAT = "dwarf-with-dsym";
				ENABLE_NS_ASSERTIONS = NO;
				ENABLE_STRICT_OBJC_MSGSEND = YES;
				GCC_C_LANGUAGE_STANDARD = gnu11;
				GCC_NO_COMMON_BLOCKS = YES;
				GCC_WARN_64_TO_32_BIT_CONVERSION = YES;
				GCC_WARN_ABOUT_RETURN_TYPE = YES_ERROR;
				GCC_WARN_UNDECLARED_SELECTOR = YES;
				GCC_WARN_UNINITIALIZED_AUTOS = YES_AGGRESSIVE;
				GCC_WARN_UNUSED_FUNCTION = YES;
				GCC_WARN_UNUSED_VARIABLE = YES;
				IPHONEOS_DEPLOYMENT_TARGET = 15.5;
				MTL_ENABLE_DEBUG_INFO = NO;
				MTL_FAST_MATH = YES;
				SDKROOT = iphoneos;
				VALIDATE_PRODUCT = YES;
			};
			name = Release;
		};
		CD8829AF286A0A3F00646DE5 /* Debug */ = {
			isa = XCBuildConfiguration;
			buildSettings = {
				ASSETCATALOG_COMPILER_APPICON_NAME = AppIcon;
				ASSETCATALOG_COMPILER_GLOBAL_ACCENT_COLOR_NAME = AccentColor;
				CODE_SIGN_STYLE = Automatic;
				CURRENT_PROJECT_VERSION = 1;
				DEVELOPMENT_TEAM = YUKHUGJ83N;
				GENERATE_INFOPLIST_FILE = YES;
				INFOPLIST_FILE = ParseChat/Info.plist;
				INFOPLIST_KEY_UIApplicationSupportsIndirectInputEvents = YES;
				INFOPLIST_KEY_UILaunchStoryboardName = LaunchScreen;
				INFOPLIST_KEY_UIMainStoryboardFile = Main;
				INFOPLIST_KEY_UISupportedInterfaceOrientations_iPad = "UIInterfaceOrientationPortrait UIInterfaceOrientationPortraitUpsideDown UIInterfaceOrientationLandscapeLeft UIInterfaceOrientationLandscapeRight";
				INFOPLIST_KEY_UISupportedInterfaceOrientations_iPhone = "UIInterfaceOrientationPortrait UIInterfaceOrientationLandscapeLeft UIInterfaceOrientationLandscapeRight";
				LD_RUNPATH_SEARCH_PATHS = (
					"$(inherited)",
					"@executable_path/Frameworks",
				);
				MARKETING_VERSION = 1.0;
				PRODUCT_BUNDLE_IDENTIFIER = com.meta.ParseChat;
				PRODUCT_NAME = "$(TARGET_NAME)";
				SWIFT_EMIT_LOC_STRINGS = YES;
				TARGETED_DEVICE_FAMILY = "1,2";
			};
			name = Debug;
		};
		CD8829B0286A0A3F00646DE5 /* Release */ = {
			isa = XCBuildConfiguration;
			buildSettings = {
				ASSETCATALOG_COMPILER_APPICON_NAME = AppIcon;
				ASSETCATALOG_COMPILER_GLOBAL_ACCENT_COLOR_NAME = AccentColor;
				CODE_SIGN_STYLE = Automatic;
				CURRENT_PROJECT_VERSION = 1;
				DEVELOPMENT_TEAM = YUKHUGJ83N;
				GENERATE_INFOPLIST_FILE = YES;
				INFOPLIST_FILE = ParseChat/Info.plist;
				INFOPLIST_KEY_UIApplicationSupportsIndirectInputEvents = YES;
				INFOPLIST_KEY_UILaunchStoryboardName = LaunchScreen;
				INFOPLIST_KEY_UIMainStoryboardFile = Main;
				INFOPLIST_KEY_UISupportedInterfaceOrientations_iPad = "UIInterfaceOrientationPortrait UIInterfaceOrientationPortraitUpsideDown UIInterfaceOrientationLandscapeLeft UIInterfaceOrientationLandscapeRight";
				INFOPLIST_KEY_UISupportedInterfaceOrientations_iPhone = "UIInterfaceOrientationPortrait UIInterfaceOrientationLandscapeLeft UIInterfaceOrientationLandscapeRight";
				LD_RUNPATH_SEARCH_PATHS = (
					"$(inherited)",
					"@executable_path/Frameworks",
				);
				MARKETING_VERSION = 1.0;
				PRODUCT_BUNDLE_IDENTIFIER = com.meta.ParseChat;
				PRODUCT_NAME = "$(TARGET_NAME)";
				SWIFT_EMIT_LOC_STRINGS = YES;
				TARGETED_DEVICE_FAMILY = "1,2";
			};
			name = Release;
		};
		CD8829B2286A0A3F00646DE5 /* Debug */ = {
			isa = XCBuildConfiguration;
			buildSettings = {
				BUNDLE_LOADER = "$(TEST_HOST)";
				CODE_SIGN_STYLE = Automatic;
				CURRENT_PROJECT_VERSION = 1;
				DEVELOPMENT_TEAM = YUKHUGJ83N;
				GENERATE_INFOPLIST_FILE = YES;
				IPHONEOS_DEPLOYMENT_TARGET = 15.5;
				MARKETING_VERSION = 1.0;
				PRODUCT_BUNDLE_IDENTIFIER = com.meta.ParseChatTests;
				PRODUCT_NAME = "$(TARGET_NAME)";
				SWIFT_EMIT_LOC_STRINGS = NO;
				TARGETED_DEVICE_FAMILY = "1,2";
				TEST_HOST = "$(BUILT_PRODUCTS_DIR)/ParseChat.app/ParseChat";
			};
			name = Debug;
		};
		CD8829B3286A0A3F00646DE5 /* Release */ = {
			isa = XCBuildConfiguration;
			buildSettings = {
				BUNDLE_LOADER = "$(TEST_HOST)";
				CODE_SIGN_STYLE = Automatic;
				CURRENT_PROJECT_VERSION = 1;
				DEVELOPMENT_TEAM = YUKHUGJ83N;
				GENERATE_INFOPLIST_FILE = YES;
				IPHONEOS_DEPLOYMENT_TARGET = 15.5;
				MARKETING_VERSION = 1.0;
				PRODUCT_BUNDLE_IDENTIFIER = com.meta.ParseChatTests;
				PRODUCT_NAME = "$(TARGET_NAME)";
				SWIFT_EMIT_LOC_STRINGS = NO;
				TARGETED_DEVICE_FAMILY = "1,2";
				TEST_HOST = "$(BUILT_PRODUCTS_DIR)/ParseChat.app/ParseChat";
			};
			name = Release;
		};
		CD8829B5286A0A3F00646DE5 /* Debug */ = {
			isa = XCBuildConfiguration;
			buildSettings = {
				CODE_SIGN_STYLE = Automatic;
				CURRENT_PROJECT_VERSION = 1;
				DEVELOPMENT_TEAM = YUKHUGJ83N;
				GENERATE_INFOPLIST_FILE = YES;
				MARKETING_VERSION = 1.0;
				PRODUCT_BUNDLE_IDENTIFIER = com.meta.ParseChatUITests;
				PRODUCT_NAME = "$(TARGET_NAME)";
				SWIFT_EMIT_LOC_STRINGS = NO;
				TARGETED_DEVICE_FAMILY = "1,2";
				TEST_TARGET_NAME = ParseChat;
			};
			name = Debug;
		};
		CD8829B6286A0A3F00646DE5 /* Release */ = {
			isa = XCBuildConfiguration;
			buildSettings = {
				CODE_SIGN_STYLE = Automatic;
				CURRENT_PROJECT_VERSION = 1;
				DEVELOPMENT_TEAM = YUKHUGJ83N;
				GENERATE_INFOPLIST_FILE = YES;
				MARKETING_VERSION = 1.0;
				PRODUCT_BUNDLE_IDENTIFIER = com.meta.ParseChatUITests;
				PRODUCT_NAME = "$(TARGET_NAME)";
				SWIFT_EMIT_LOC_STRINGS = NO;
				TARGETED_DEVICE_FAMILY = "1,2";
				TEST_TARGET_NAME = ParseChat;
			};
			name = Release;
		};
/* End XCBuildConfiguration section */

/* Begin XCConfigurationList section */
		CD88297A286A0A3C00646DE5 /* Build configuration list for PBXProject "ParseChat" */ = {
			isa = XCConfigurationList;
			buildConfigurations = (
				CD8829AC286A0A3F00646DE5 /* Debug */,
				CD8829AD286A0A3F00646DE5 /* Release */,
			);
			defaultConfigurationIsVisible = 0;
			defaultConfigurationName = Release;
		};
		CD8829AE286A0A3F00646DE5 /* Build configuration list for PBXNativeTarget "ParseChat" */ = {
			isa = XCConfigurationList;
			buildConfigurations = (
				CD8829AF286A0A3F00646DE5 /* Debug */,
				CD8829B0286A0A3F00646DE5 /* Release */,
			);
			defaultConfigurationIsVisible = 0;
			defaultConfigurationName = Release;
		};
		CD8829B1286A0A3F00646DE5 /* Build configuration list for PBXNativeTarget "ParseChatTests" */ = {
			isa = XCConfigurationList;
			buildConfigurations = (
				CD8829B2286A0A3F00646DE5 /* Debug */,
				CD8829B3286A0A3F00646DE5 /* Release */,
			);
			defaultConfigurationIsVisible = 0;
			defaultConfigurationName = Release;
		};
		CD8829B4286A0A3F00646DE5 /* Build configuration list for PBXNativeTarget "ParseChatUITests" */ = {
			isa = XCConfigurationList;
			buildConfigurations = (
				CD8829B5286A0A3F00646DE5 /* Debug */,
				CD8829B6286A0A3F00646DE5 /* Release */,
			);
			defaultConfigurationIsVisible = 0;
			defaultConfigurationName = Release;
		};
/* End XCConfigurationList section */
	};
	rootObject = CD882977286A0A3C00646DE5 /* Project object */;
}
